
Microsoft Visual Studio Solution File, Format Version 12.00
# Visual Studio Version 17
VisualStudioVersion = 17.7.34031.279
MinimumVisualStudioVersion = 10.0.40219.1
Project("{9A19103F-16F7-4668-BE54-9A1E7A4F7556}") = "Poort8.Dataspace.CoreManager", "Poort8.Dataspace.CoreManager\Poort8.Dataspace.CoreManager.csproj", "{77650E30-A947-4D52-851D-CE585B6E580A}"
EndProject
Project("{9A19103F-16F7-4668-BE54-9A1E7A4F7556}") = "Poort8.Dataspace.OrganizationRegistry", "Poort8.Dataspace.OrganizationRegistry\Poort8.Dataspace.OrganizationRegistry.csproj", "{92E3370D-CAAA-4CC9-86D6-C83A2BE79B5F}"
EndProject
Project("{9A19103F-16F7-4668-BE54-9A1E7A4F7556}") = "Poort8.Dataspace.OrganizationRegistry.Tests", "Poort8.Dataspace.OrganizationRegistry.Tests\Poort8.Dataspace.OrganizationRegistry.Tests.csproj", "{DD38E4EA-B7C1-467B-BB5E-F50C0A2E059E}"
EndProject
Project("{9A19103F-16F7-4668-BE54-9A1E7A4F7556}") = "Poort8.Dataspace.AuthorizationRegistry", "Poort8.Dataspace.AuthorizationRegistry\Poort8.Dataspace.AuthorizationRegistry.csproj", "{A1E5B06A-DCDB-42E2-BF78-5E603DCBF509}"
EndProject
Project("{9A19103F-16F7-4668-BE54-9A1E7A4F7556}") = "Poort8.Dataspace.AuthorizationRegistry.Tests", "Poort8.Dataspace.AuthorizationRegistry.Tests\Poort8.Dataspace.AuthorizationRegistry.Tests.csproj", "{0C4987CF-94BB-46EF-A7B5-3FA8B4A0F94E}"
EndProject
Project("{FAE04EC0-301F-11D3-BF4B-00C04F79EFBC}") = "Poort8.Dataspace.OrganizationRegistry.SqliteMigrations", "Poort8.Dataspace.OrganizationRegistry.SqliteMigrations\Poort8.Dataspace.OrganizationRegistry.SqliteMigrations.csproj", "{89DAC1C3-A47A-41FA-A93F-0EA4E1FA1B6A}"
EndProject
Project("{FAE04EC0-301F-11D3-BF4B-00C04F79EFBC}") = "Poort8.Dataspace.OrganizationRegistry.SqlServerMigrations", "Poort8.Dataspace.OrganizationRegistry.SqlServerMigrations\Poort8.Dataspace.OrganizationRegistry.SqlServerMigrations.csproj", "{88A469B9-2535-4F3F-BCD6-848C7534CE9C}"
EndProject
Project("{FAE04EC0-301F-11D3-BF4B-00C04F79EFBC}") = "Poort8.Dataspace.AuthorizationRegistry.SqliteMigrations", "Poort8.Dataspace.AuthorizationRegistry.SqliteMigrations\Poort8.Dataspace.AuthorizationRegistry.SqliteMigrations.csproj", "{35F9F433-5AA5-486C-BA52-CE2B0BC052A9}"
EndProject
Project("{FAE04EC0-301F-11D3-BF4B-00C04F79EFBC}") = "Poort8.Dataspace.AuthorizationRegistry.SqlServerMigrations", "Poort8.Dataspace.AuthorizationRegistry.SqlServerMigrations\Poort8.Dataspace.AuthorizationRegistry.SqlServerMigrations.csproj", "{42EA2A46-1732-46CA-A92D-90802F15FB0E}"
EndProject
Global
	GlobalSection(SolutionConfigurationPlatforms) = preSolution
		Debug|Any CPU = Debug|Any CPU
		Release|Any CPU = Release|Any CPU
	EndGlobalSection
	GlobalSection(ProjectConfigurationPlatforms) = postSolution
		{77650E30-A947-4D52-851D-CE585B6E580A}.Debug|Any CPU.ActiveCfg = Debug|Any CPU
		{77650E30-A947-4D52-851D-CE585B6E580A}.Debug|Any CPU.Build.0 = Debug|Any CPU
		{77650E30-A947-4D52-851D-CE585B6E580A}.Release|Any CPU.ActiveCfg = Release|Any CPU
		{77650E30-A947-4D52-851D-CE585B6E580A}.Release|Any CPU.Build.0 = Release|Any CPU
		{92E3370D-CAAA-4CC9-86D6-C83A2BE79B5F}.Debug|Any CPU.ActiveCfg = Debug|Any CPU
		{92E3370D-CAAA-4CC9-86D6-C83A2BE79B5F}.Debug|Any CPU.Build.0 = Debug|Any CPU
		{92E3370D-CAAA-4CC9-86D6-C83A2BE79B5F}.Release|Any CPU.ActiveCfg = Release|Any CPU
		{92E3370D-CAAA-4CC9-86D6-C83A2BE79B5F}.Release|Any CPU.Build.0 = Release|Any CPU
		{DD38E4EA-B7C1-467B-BB5E-F50C0A2E059E}.Debug|Any CPU.ActiveCfg = Debug|Any CPU
		{DD38E4EA-B7C1-467B-BB5E-F50C0A2E059E}.Debug|Any CPU.Build.0 = Debug|Any CPU
		{DD38E4EA-B7C1-467B-BB5E-F50C0A2E059E}.Release|Any CPU.ActiveCfg = Release|Any CPU
		{DD38E4EA-B7C1-467B-BB5E-F50C0A2E059E}.Release|Any CPU.Build.0 = Release|Any CPU
		{A1E5B06A-DCDB-42E2-BF78-5E603DCBF509}.Debug|Any CPU.ActiveCfg = Debug|Any CPU
		{A1E5B06A-DCDB-42E2-BF78-5E603DCBF509}.Debug|Any CPU.Build.0 = Debug|Any CPU
		{A1E5B06A-DCDB-42E2-BF78-5E603DCBF509}.Release|Any CPU.ActiveCfg = Release|Any CPU
		{A1E5B06A-DCDB-42E2-BF78-5E603DCBF509}.Release|Any CPU.Build.0 = Release|Any CPU
		{0C4987CF-94BB-46EF-A7B5-3FA8B4A0F94E}.Debug|Any CPU.ActiveCfg = Debug|Any CPU
		{0C4987CF-94BB-46EF-A7B5-3FA8B4A0F94E}.Debug|Any CPU.Build.0 = Debug|Any CPU
		{0C4987CF-94BB-46EF-A7B5-3FA8B4A0F94E}.Release|Any CPU.ActiveCfg = Release|Any CPU
		{0C4987CF-94BB-46EF-A7B5-3FA8B4A0F94E}.Release|Any CPU.Build.0 = Release|Any CPU
		{89DAC1C3-A47A-41FA-A93F-0EA4E1FA1B6A}.Debug|Any CPU.ActiveCfg = Debug|Any CPU
		{89DAC1C3-A47A-41FA-A93F-0EA4E1FA1B6A}.Debug|Any CPU.Build.0 = Debug|Any CPU
		{89DAC1C3-A47A-41FA-A93F-0EA4E1FA1B6A}.Release|Any CPU.ActiveCfg = Release|Any CPU
		{89DAC1C3-A47A-41FA-A93F-0EA4E1FA1B6A}.Release|Any CPU.Build.0 = Release|Any CPU
		{88A469B9-2535-4F3F-BCD6-848C7534CE9C}.Debug|Any CPU.ActiveCfg = Debug|Any CPU
		{88A469B9-2535-4F3F-BCD6-848C7534CE9C}.Debug|Any CPU.Build.0 = Debug|Any CPU
		{88A469B9-2535-4F3F-BCD6-848C7534CE9C}.Release|Any CPU.ActiveCfg = Release|Any CPU
		{88A469B9-2535-4F3F-BCD6-848C7534CE9C}.Release|Any CPU.Build.0 = Release|Any CPU
		{35F9F433-5AA5-486C-BA52-CE2B0BC052A9}.Debug|Any CPU.ActiveCfg = Debug|Any CPU
		{35F9F433-5AA5-486C-BA52-CE2B0BC052A9}.Debug|Any CPU.Build.0 = Debug|Any CPU
		{35F9F433-5AA5-486C-BA52-CE2B0BC052A9}.Release|Any CPU.ActiveCfg = Release|Any CPU
		{35F9F433-5AA5-486C-BA52-CE2B0BC052A9}.Release|Any CPU.Build.0 = Release|Any CPU
		{42EA2A46-1732-46CA-A92D-90802F15FB0E}.Debug|Any CPU.ActiveCfg = Debug|Any CPU
		{42EA2A46-1732-46CA-A92D-90802F15FB0E}.Debug|Any CPU.Build.0 = Debug|Any CPU
		{42EA2A46-1732-46CA-A92D-90802F15FB0E}.Release|Any CPU.ActiveCfg = Release|Any CPU
		{42EA2A46-1732-46CA-A92D-90802F15FB0E}.Release|Any CPU.Build.0 = Release|Any CPU
	EndGlobalSection
	GlobalSection(SolutionProperties) = preSolution
		HideSolutionNode = FALSE
	EndGlobalSection
	GlobalSection(ExtensibilityGlobals) = postSolution
		SolutionGuid = {69915F6C-BC0B-4068-AD9A-10DB442BA1E1}
	EndGlobalSection
EndGlobal
